
Microsoft Visual Studio Solution File, Format Version 12.00
# Visual Studio 2012
Project("{FAE04EC0-301F-11D3-BF4B-00C04F79EFBC}") = "Helper", "Helper\Helper.csproj", "{48215939-F2A4-4FB4-9576-14BA8FCA0CCA}"
EndProject
Project("{FAE04EC0-301F-11D3-BF4B-00C04F79EFBC}") = "HelperSample", "HelperSample\HelperSample.csproj", "{2F3308E6-3627-403A-A789-156BF9A4C756}"
EndProject
Project("{FAE04EC0-301F-11D3-BF4B-00C04F79EFBC}") = "MBox", "MBox\MBox.csproj", "{EC62A0B1-497F-4AA5-93DF-7A03AD210638}"
EndProject
Global
	GlobalSection(SolutionConfigurationPlatforms) = preSolution
		Debug|Any CPU = Debug|Any CPU
		Release|Any CPU = Release|Any CPU
	EndGlobalSection
	GlobalSection(ProjectConfigurationPlatforms) = postSolution
		{48215939-F2A4-4FB4-9576-14BA8FCA0CCA}.Debug|Any CPU.ActiveCfg = Debug|Any CPU
		{48215939-F2A4-4FB4-9576-14BA8FCA0CCA}.Debug|Any CPU.Build.0 = Debug|Any CPU
		{48215939-F2A4-4FB4-9576-14BA8FCA0CCA}.Release|Any CPU.ActiveCfg = Release|x64
		{48215939-F2A4-4FB4-9576-14BA8FCA0CCA}.Release|Any CPU.Build.0 = Release|x64
		{2F3308E6-3627-403A-A789-156BF9A4C756}.Debug|Any CPU.ActiveCfg = Debug|Any CPU
		{2F3308E6-3627-403A-A789-156BF9A4C756}.Debug|Any CPU.Build.0 = Debug|Any CPU
		{2F3308E6-3627-403A-A789-156BF9A4C756}.Release|Any CPU.ActiveCfg = Release|Any CPU
		{2F3308E6-3627-403A-A789-156BF9A4C756}.Release|Any CPU.Build.0 = Release|Any CPU
		{EC62A0B1-497F-4AA5-93DF-7A03AD210638}.Debug|Any CPU.ActiveCfg = Debug|Any CPU
		{EC62A0B1-497F-4AA5-93DF-7A03AD210638}.Debug|Any CPU.Build.0 = Debug|Any CPU
		{EC62A0B1-497F-4AA5-93DF-7A03AD210638}.Release|Any CPU.ActiveCfg = Release|Any CPU
		{EC62A0B1-497F-4AA5-93DF-7A03AD210638}.Release|Any CPU.Build.0 = Release|Any CPU
	EndGlobalSection
	GlobalSection(SolutionProperties) = preSolution
		HideSolutionNode = FALSE
	EndGlobalSection
EndGlobal
